
Microsoft Visual Studio Solution File, Format Version 12.00
# Visual Studio Version 17
VisualStudioVersion = 17.5.002.0
MinimumVisualStudioVersion = 10.0.40219.1
Project("{9A19103F-16F7-4668-BE54-9A1E7A4F7556}") = "DTO", "DTO.csproj", "{FBD7147D-A5C5-431D-96BA-3383EE524663}"
EndProject
Global
	GlobalSection(SolutionConfigurationPlatforms) = preSolution
		Debug|Any CPU = Debug|Any CPU
		Release|Any CPU = Release|Any CPU
	EndGlobalSection
	GlobalSection(ProjectConfigurationPlatforms) = postSolution
		{FBD7147D-A5C5-431D-96BA-3383EE524663}.Debug|Any CPU.ActiveCfg = Debug|Any CPU
		{FBD7147D-A5C5-431D-96BA-3383EE524663}.Debug|Any CPU.Build.0 = Debug|Any CPU
		{FBD7147D-A5C5-431D-96BA-3383EE524663}.Release|Any CPU.ActiveCfg = Release|Any CPU
		{FBD7147D-A5C5-431D-96BA-3383EE524663}.Release|Any CPU.Build.0 = Release|Any CPU
	EndGlobalSection
	GlobalSection(SolutionProperties) = preSolution
		HideSolutionNode = FALSE
	EndGlobalSection
	GlobalSection(ExtensibilityGlobals) = postSolution
		SolutionGuid = {B830B532-06EA-4F16-8F89-6DD540014F11}
	EndGlobalSection
EndGlobal
