
Microsoft Visual Studio Solution File, Format Version 12.00
# Visual Studio Version 17
VisualStudioVersion = 17.5.002.0
MinimumVisualStudioVersion = 10.0.40219.1
Project("{9A19103F-16F7-4668-BE54-9A1E7A4F7556}") = "Ex1", "Ex1.csproj", "{674C8975-8C2C-4530-A0B0-998BA39DB6E2}"
EndProject
Global
	GlobalSection(SolutionConfigurationPlatforms) = preSolution
		Debug|Any CPU = Debug|Any CPU
		Release|Any CPU = Release|Any CPU
	EndGlobalSection
	GlobalSection(ProjectConfigurationPlatforms) = postSolution
		{674C8975-8C2C-4530-A0B0-998BA39DB6E2}.Debug|Any CPU.ActiveCfg = Debug|Any CPU
		{674C8975-8C2C-4530-A0B0-998BA39DB6E2}.Debug|Any CPU.Build.0 = Debug|Any CPU
		{674C8975-8C2C-4530-A0B0-998BA39DB6E2}.Release|Any CPU.ActiveCfg = Release|Any CPU
		{674C8975-8C2C-4530-A0B0-998BA39DB6E2}.Release|Any CPU.Build.0 = Release|Any CPU
	EndGlobalSection
	GlobalSection(SolutionProperties) = preSolution
		HideSolutionNode = FALSE
	EndGlobalSection
	GlobalSection(ExtensibilityGlobals) = postSolution
		SolutionGuid = {FAAB941E-DDD4-46CB-BC37-CC0ACB583AFD}
	EndGlobalSection
EndGlobal
